Microsoft Visual Studio Solution File, Format Version 12.00
# Visual Studio Version 18
VisualStudioVersion = 18.5.11709.299 stable
MinimumVisualStudioVersion = 10.0.40219.1
Project("{FAE04EC0-301F-11D3-BF4B-00C04F79EFBC}") = "Legacy.Quotes", "src\Legacy.Quotes\Legacy.Quotes.csproj", "{C5C15C28-DB2F-4A9E-88A2-8945805AE394}"
EndProject
Project("{FAE04EC0-301F-11D3-BF4B-00C04F79EFBC}") = "Legacy.Quotes.Test", "Legacy.Quotes.Test\Legacy.Quotes.Test.csproj", "{F35CB366-6D22-432F-AE7C-DE4C18B7B822}"
EndProject
Global
	GlobalSection(SolutionConfigurationPlatforms) = preSolution
		Debug|Any CPU = Debug|Any CPU
		Release|Any CPU = Release|Any CPU
	EndGlobalSection
	GlobalSection(ProjectConfigurationPlatforms) = postSolution
		{C5C15C28-DB2F-4A9E-88A2-8945805AE394}.Debug|Any CPU.ActiveCfg = Debug|Any CPU
		{C5C15C28-DB2F-4A9E-88A2-8945805AE394}.Debug|Any CPU.Build.0 = Debug|Any CPU
		{C5C15C28-DB2F-4A9E-88A2-8945805AE394}.Release|Any CPU.ActiveCfg = Release|Any CPU
		{C5C15C28-DB2F-4A9E-88A2-8945805AE394}.Release|Any CPU.Build.0 = Release|Any CPU
		{F35CB366-6D22-432F-AE7C-DE4C18B7B822}.Debug|Any CPU.ActiveCfg = Debug|Any CPU
		{F35CB366-6D22-432F-AE7C-DE4C18B7B822}.Debug|Any CPU.Build.0 = Debug|Any CPU
		{F35CB366-6D22-432F-AE7C-DE4C18B7B822}.Release|Any CPU.ActiveCfg = Release|Any CPU
		{F35CB366-6D22-432F-AE7C-DE4C18B7B822}.Release|Any CPU.Build.0 = Release|Any CPU
	EndGlobalSection
	GlobalSection(SolutionProperties) = preSolution
		HideSolutionNode = FALSE
	EndGlobalSection
	GlobalSection(ExtensibilityGlobals) = postSolution
		SolutionGuid = {327F96FA-B098-42AD-A277-BACA6D9F17AF}
	EndGlobalSection
EndGlobal
